# This file is autogenerated, do not edit; changes may be undone by the next 'dep ensure'.


[[projects]]
  branch = "master"
  name = "github.com/DHowett/go-plist"
  packages = ["."]
  revision = "233df3c4f07b0c562da0e8a6fb850681ac49bb90"

[[projects]]
  branch = "master"
  name = "github.com/rekby/mbr"
  packages = ["."]
  revision = "8c28b6465703c4dde586a09aeca764485f76b511"

[[projects]]
  name = "github.com/ulikunitz/xz"
  packages = [".","internal/hash","internal/xlog","lzma"]
  revision = "0c6b41e72360850ca4f98dc341fd999726ea007f"
  version = "v0.5.4"

[solve-meta]
  analyzer-name = "dep"
  analyzer-version = 1
  inputs-digest = "5dd929ed6fbeff7c5d1fc4cb20512bcb5fb095a4b0b812d3f41f848ed5aff403"
  solver-name = "gps-cdcl"
  solver-version = 1
