# This file is autogenerated, do not edit; changes may be undone by the next 'dep ensure'.


[[projects]]
  branch = "master"
  name = "github.com/DHowett/go-plist"
  packages = ["."]
  revision = "f00f32b327ca6ad11a7c53d9ccc34d031b3795b8"

[[projects]]
  branch = "master"
  name = "github.com/maruel/go-fs"
  packages = [".","fat"]
  revision = "e4b165b178f6190f2dcfe5913aeed0c79197ce6b"

[[projects]]
  branch = "master"
  name = "github.com/rekby/mbr"
  packages = ["."]
  revision = "8c28b6465703c4dde586a09aeca764485f76b511"

[[projects]]
  name = "github.com/ulikunitz/xz"
  packages = [".","internal/hash","internal/xlog","lzma"]
  revision = "0c6b41e72360850ca4f98dc341fd999726ea007f"
  version = "v0.5.4"

[solve-meta]
  analyzer-name = "dep"
  analyzer-version = 1
  inputs-digest = "9e9d8857eb7ddbc88a2b6b86c52a2c6e4f4f650bbb9098bbf6d0a823827e62fb"
  solver-name = "gps-cdcl"
  solver-version = 1
